
Microsoft Visual Studio Solution File, Format Version 12.00
# Visual Studio Version 16
VisualStudioVersion = 16.0.29009.5
MinimumVisualStudioVersion = 10.0.40219.1
Project("{F184B08F-C81C-45F6-A57F-5ABD9991F28F}") = "Fitnezz", "Fitnezz\Fitnezz.vbproj", "{A0A842A5-0CB6-4DD8-9432-E4A9691C3AAB}"
EndProject
Project("{F184B08F-C81C-45F6-A57F-5ABD9991F28F}") = "WindowsControlLibrary1", "WindowsControlLibrary1\WindowsControlLibrary1.vbproj", "{8C103D99-375A-4468-AA78-80452FC3572D}"
EndProject
Global
	GlobalSection(SolutionConfigurationPlatforms) = preSolution
		Debug|Any CPU = Debug|Any CPU
		Debug|x64 = Debug|x64
		Debug|x86 = Debug|x86
		Release|Any CPU = Release|Any CPU
		Release|x64 = Release|x64
		Release|x86 = Release|x86
	EndGlobalSection
	GlobalSection(ProjectConfigurationPlatforms) = postSolution
		{A0A842A5-0CB6-4DD8-9432-E4A9691C3AAB}.Debug|Any CPU.ActiveCfg = Debug|Any CPU
		{A0A842A5-0CB6-4DD8-9432-E4A9691C3AAB}.Debug|Any CPU.Build.0 = Debug|Any CPU
		{A0A842A5-0CB6-4DD8-9432-E4A9691C3AAB}.Debug|x64.ActiveCfg = Debug|x64
		{A0A842A5-0CB6-4DD8-9432-E4A9691C3AAB}.Debug|x64.Build.0 = Debug|x64
		{A0A842A5-0CB6-4DD8-9432-E4A9691C3AAB}.Debug|x86.ActiveCfg = Debug|Any CPU
		{A0A842A5-0CB6-4DD8-9432-E4A9691C3AAB}.Debug|x86.Build.0 = Debug|Any CPU
		{A0A842A5-0CB6-4DD8-9432-E4A9691C3AAB}.Release|Any CPU.ActiveCfg = Release|Any CPU
		{A0A842A5-0CB6-4DD8-9432-E4A9691C3AAB}.Release|Any CPU.Build.0 = Release|Any CPU
		{A0A842A5-0CB6-4DD8-9432-E4A9691C3AAB}.Release|x64.ActiveCfg = Release|x64
		{A0A842A5-0CB6-4DD8-9432-E4A9691C3AAB}.Release|x64.Build.0 = Release|x64
		{A0A842A5-0CB6-4DD8-9432-E4A9691C3AAB}.Release|x86.ActiveCfg = Release|x86
		{A0A842A5-0CB6-4DD8-9432-E4A9691C3AAB}.Release|x86.Build.0 = Release|x86
		{8C103D99-375A-4468-AA78-80452FC3572D}.Debug|Any CPU.ActiveCfg = Debug|Any CPU
		{8C103D99-375A-4468-AA78-80452FC3572D}.Debug|Any CPU.Build.0 = Debug|Any CPU
		{8C103D99-375A-4468-AA78-80452FC3572D}.Debug|x64.ActiveCfg = Debug|Any CPU
		{8C103D99-375A-4468-AA78-80452FC3572D}.Debug|x64.Build.0 = Debug|Any CPU
		{8C103D99-375A-4468-AA78-80452FC3572D}.Debug|x86.ActiveCfg = Debug|Any CPU
		{8C103D99-375A-4468-AA78-80452FC3572D}.Debug|x86.Build.0 = Debug|Any CPU
		{8C103D99-375A-4468-AA78-80452FC3572D}.Release|Any CPU.ActiveCfg = Release|Any CPU
		{8C103D99-375A-4468-AA78-80452FC3572D}.Release|Any CPU.Build.0 = Release|Any CPU
		{8C103D99-375A-4468-AA78-80452FC3572D}.Release|x64.ActiveCfg = Release|Any CPU
		{8C103D99-375A-4468-AA78-80452FC3572D}.Release|x64.Build.0 = Release|Any CPU
		{8C103D99-375A-4468-AA78-80452FC3572D}.Release|x86.ActiveCfg = Release|Any CPU
		{8C103D99-375A-4468-AA78-80452FC3572D}.Release|x86.Build.0 = Release|Any CPU
	EndGlobalSection
	GlobalSection(SolutionProperties) = preSolution
		HideSolutionNode = FALSE
	EndGlobalSection
	GlobalSection(ExtensibilityGlobals) = postSolution
		SolutionGuid = {11F984F4-8917-4EEA-A647-89975DBF8811}
	EndGlobalSection
EndGlobal
